dependencies:
- name: opentelemetry-operator
  repository: https://open-telemetry.github.io/opentelemetry-helm-charts
  version: 0.93.0
- name: grafana-operator
  repository: https://grafana.github.io/helm-charts
  version: v5.19.4
- name: prometheus-operator-crds
  repository: https://prometheus-community.github.io/helm-charts
  version: 23.0.0
- name: kube-state-metrics
  repository: https://prometheus-community.github.io/helm-charts
  version: 6.3.0
- name: prometheus-node-exporter
  repository: https://prometheus-community.github.io/helm-charts
  version: 4.47.3
digest: sha256:1c0b768b66ee7f7793aa40dbe03151bc180241fe2831e4265cc05390f70842a2
generated: "2025-10-01T01:07:50.514730214Z"
