dependencies:
- name: opentelemetry-operator
  repository: https://open-telemetry.github.io/opentelemetry-helm-charts
  version: 0.92.1
- name: grafana-operator
  repository: https://grafana.github.io/helm-charts
  version: v5.18.0
- name: prometheus-operator-crds
  repository: https://prometheus-community.github.io/helm-charts
  version: 21.0.0
- name: kube-state-metrics
  repository: https://prometheus-community.github.io/helm-charts
  version: 6.1.0
- name: prometheus-node-exporter
  repository: https://prometheus-community.github.io/helm-charts
  version: 4.47.3
digest: sha256:abca363cefffb76765570d5466986ec5652df6e923c73001b230af30c4bceed5
generated: "2025-07-31T20:25:30.366171938-07:00"
