dependencies:
- name: opentelemetry-operator
  repository: https://open-telemetry.github.io/opentelemetry-helm-charts
  version: 0.90.4
- name: grafana-operator
  repository: https://grafana.github.io/helm-charts
  version: v5.18.0
- name: prometheus-operator-crds
  repository: https://prometheus-community.github.io/helm-charts
  version: 20.0.1
- name: kube-state-metrics
  repository: https://prometheus-community.github.io/helm-charts
  version: 5.33.2
- name: prometheus-node-exporter
  repository: https://prometheus-community.github.io/helm-charts
  version: 4.46.1
digest: sha256:d5faea46bc56ef141e7196a7f10bd27a3b7dff479a0134111689b611834e7f43
generated: "2025-07-01T01:14:54.001882879Z"
