dependencies:
- name: kube-prometheus-stack
  repository: https://prometheus-community.github.io/helm-charts
  version: 68.4.4
- name: loki
  repository: https://grafana.github.io/helm-charts
  version: 6.26.0
digest: sha256:e10c2e4fa814bdbcd4a22f02cafd2d32d3763b7dc859e4da7b9e98f875c1b844
generated: "2025-02-12T20:26:26.904522726-08:00"
