dependencies:
- name: prometheus-redis-exporter
  repository: https://prometheus-community.github.io/helm-charts
  version: 6.10.1
- name: redis
  repository: oci://registry-1.docker.io/bitnamicharts
  version: 21.1.7
digest: sha256:18b79ad57e08372646449839f2990e85462872719e866a376b5e939de8884587
generated: "2025-05-27T19:11:07.764241506Z"
